
Microsoft Visual Studio Solution File, Format Version 12.00
# Visual Studio Version 17
VisualStudioVersion = 17.13.35818.85
MinimumVisualStudioVersion = 10.0.40219.1
Project("{FAE04EC0-301F-11D3-BF4B-00C04F79EFBC}") = "ResumeGenerator", "ResumeGenerator.csproj", "{9BFEB97B-F9CD-44CD-BA7F-02D35CA9CD6E}"
EndProject
Global
	GlobalSection(SolutionConfigurationPlatforms) = preSolution
		Debug|Any CPU = Debug|Any CPU
		Release|Any CPU = Release|Any CPU
	EndGlobalSection
	GlobalSection(ProjectConfigurationPlatforms) = postSolution
		{9BFEB97B-F9CD-44CD-BA7F-02D35CA9CD6E}.Debug|Any CPU.ActiveCfg = Debug|Any CPU
		{9BFEB97B-F9CD-44CD-BA7F-02D35CA9CD6E}.Debug|Any CPU.Build.0 = Debug|Any CPU
		{9BFEB97B-F9CD-44CD-BA7F-02D35CA9CD6E}.Release|Any CPU.ActiveCfg = Release|Any CPU
		{9BFEB97B-F9CD-44CD-BA7F-02D35CA9CD6E}.Release|Any CPU.Build.0 = Release|Any CPU
	EndGlobalSection
	GlobalSection(SolutionProperties) = preSolution
		HideSolutionNode = FALSE
	EndGlobalSection
	GlobalSection(ExtensibilityGlobals) = postSolution
		SolutionGuid = {2B47A2A4-4F41-4194-998A-CCD35307580F}
	EndGlobalSection
EndGlobal
